github.com/goware/prefixer v0.0.0-20160118172347-395022866408 h1:Y9iQJfEqnN3/Nce9cOegemcy/9Ai5k3huT6E80F3zaw=
github.com/goware/prefixer v0.0.0-20160118172347-395022866408/go.mod h1:PE1ycukgRPJ7bJ9a1fdfQ9j8i/cEcRAoLZzbxYpNB/s=
github.com/mikkeloscar/sshconfig v0.0.0-20161223095632-fc5e37b16b68 h1:Z1BVWGqEm0aveMz9ffiFnJthFjM5+YFdFqFklQ/hPBI=
github.com/mikkeloscar/sshconfig v0.0.0-20161223095632-fc5e37b16b68/go.mod h1:GvQCIGDpivPr+e8cuBt3c4+NTOJm66zpBrMjkit8jmw=
github.com/pkg/errors v0.7.1-0.20160627222352-a2d6902c6d2a h1:dKpZ0nc8i7prliB4AIfJulQxsX7whlVwi6j5HqaYUl4=
github.com/pkg/errors v0.7.1-0.20160627222352-a2d6902c6d2a/go.mod h1:bwawxfHBFNV+L2hUp1rHADufV3IMtnDRdf1r5NINEl0=
golang.org/x/crypto v0.0.0-20160804082612-7a1054f3ac58 h1:ytej7jB0ejb21kF+TjEWykw7n4sG85mxyjgYHgF/7ZQ=
golang.org/x/crypto v0.0.0-20160804082612-7a1054f3ac58/go.mod h1:6SG95UA2DQfeDnfUPMdvaQW0Q7yPrPDi9nlGo2tz2b4=
gopkg.in/yaml.v2 v2.0.0-20160301204022-a83829b6f129 h1:RBgb9aPUbZ9nu66ecQNIBNsA7j3mB5h8PNDIfhPjaJg=
gopkg.in/yaml.v2 v2.0.0-20160301204022-a83829b6f129/go.mod h1:JAlM8MvJe8wmxCU4Bli9HhUf9+ttbYbLASfIpnQbh74=
