github.com/goware/prefixer v0.0.0-20160118172347-395022866408 h1:Y9iQJfEqnN3/Nce9cOegemcy/9Ai5k3huT6E80F3zaw=
github.com/goware/prefixer v0.0.0-20160118172347-395022866408/go.mod h1:PE1ycukgRPJ7bJ9a1fdfQ9j8i/cEcRAoLZzbxYpNB/s=
github.com/kr/pretty v0.1.0 h1:L/CwN0zerZDmRFUapSPitk6f+Q3+0za1rQkzVuMiMFI=
github.com/kr/pretty v0.1.0/go.mod h1:dAy3ld7l9f0ibDNOQOHHMYYIIbhfbHSm3C4ZsoJORNo=
github.com/kr/pty v1.1.1/go.mod h1:pFQYn66WHrOpPYNljwOMqo10TkYh1fy3cYio2l3bCsQ=
github.com/kr/text v0.1.0 h1:45sCR5RtlFHMR4UwH9sdQ5TC8v0qDQCHnXt+kaKSTVE=
github.com/kr/text v0.1.0/go.mod h1:4Jbv+DJW3UT/LiOwJeYQe1efqtUx/iVham/4vfdArNI=
github.com/mikkeloscar/sshconfig v0.0.0-20161223095632-fc5e37b16b68 h1:Z1BVWGqEm0aveMz9ffiFnJthFjM5+YFdFqFklQ/hPBI=
github.com/mikkeloscar/sshconfig v0.0.0-20161223095632-fc5e37b16b68/go.mod h1:GvQCIGDpivPr+e8cuBt3c4+NTOJm66zpBrMjkit8jmw=
github.com/pkg/errors v0.0.0-20160627222352-a2d6902c6d2a h1:Cd2VdqlHz+Lpf96L0JxhfrBn7oRuybTcKF2NO15q9DI=
github.com/pkg/errors v0.0.0-20160627222352-a2d6902c6d2a/go.mod h1:bwawxfHBFNV+L2hUp1rHADufV3IMtnDRdf1r5NINEl0=
golang.org/x/crypto v0.0.0-20190308221718-c2843e01d9a2/go.mod h1:djNgcEr1/C05ACkg1iLfiJU5Ep61QUkGW8qpdssI0+w=
golang.org/x/crypto v0.0.0-20190927123631-a832865fa7ad h1:5E5raQxcv+6CZ11RrBYQe5WRbUIWpScjh0kvHZkZIrQ=
golang.org/x/crypto v0.0.0-20190927123631-a832865fa7ad/go.mod h1:yigFU9vqHzYiE8UmvKecakEJjdnWj3jj499lnFckfCI=
golang.org/x/net v0.0.0-20190404232315-eb5bcb51f2a3/go.mod h1:t9HGtf8HONx5eT2rtn7q6eTqICYqUVnKs3thJo3Qplg=
golang.org/x/sys v0.0.0-20190215142949-d0b11bdaac8a/go.mod h1:STP8DvDyc/dI5b8T5hshtkjS+E42TnysNCUPdjciGhY=
golang.org/x/sys v0.0.0-20190412213103-97732733099d h1:+R4KGOnez64A81RvjARKc4UT5/tI9ujCIVX+P5KiHuI=
golang.org/x/sys v0.0.0-20190412213103-97732733099d/go.mod h1:h1NjWce9XRLGQEsW7wpKNCjG9DtNlClVuFLEZdDNbEs=
golang.org/x/text v0.3.0/go.mod h1:NqM8EUOU14njkJ3fqMW+pc6Ldnwhi/IjpwHt7yyuwOQ=
gopkg.in/check.v1 v1.0.0-20190902080502-41f04d3bba15 h1:YR8cESwS4TdDjEe65xsg0ogRM/Nc3DYOhEAlW+xobZo=
gopkg.in/check.v1 v1.0.0-20190902080502-41f04d3bba15/go.mod h1:Co6ibVJAznAaIkqp8huTwlJQCZ016jof/cbN4VW5Yz0=
gopkg.in/yaml.v2 v2.0.0-20160301204022-a83829b6f129 h1:RBgb9aPUbZ9nu66ecQNIBNsA7j3mB5h8PNDIfhPjaJg=
gopkg.in/yaml.v2 v2.0.0-20160301204022-a83829b6f129/go.mod h1:JAlM8MvJe8wmxCU4Bli9HhUf9+ttbYbLASfIpnQbh74=
